
Microsoft Visual Studio Solution File, Format Version 11.00
# Visual Studio 2010
Project("{FAE04EC0-301F-11D3-BF4B-00C04F79EFBC}") = "ASP_TP8", "ASP_TP8\ASP_TP8.csproj", "{C05CEF55-3DB3-412F-A963-886EE8264116}"
EndProject
Global
	GlobalSection(SolutionConfigurationPlatforms) = preSolution
		Debug|Any CPU = Debug|Any CPU
		Release|Any CPU = Release|Any CPU
	EndGlobalSection
	GlobalSection(ProjectConfigurationPlatforms) = postSolution
		{C05CEF55-3DB3-412F-A963-886EE8264116}.Debug|Any CPU.ActiveCfg = Debug|Any CPU
		{C05CEF55-3DB3-412F-A963-886EE8264116}.Debug|Any CPU.Build.0 = Debug|Any CPU
		{C05CEF55-3DB3-412F-A963-886EE8264116}.Release|Any CPU.ActiveCfg = Release|Any CPU
		{C05CEF55-3DB3-412F-A963-886EE8264116}.Release|Any CPU.Build.0 = Release|Any CPU
	EndGlobalSection
	GlobalSection(SolutionProperties) = preSolution
		HideSolutionNode = FALSE
	EndGlobalSection
EndGlobal
