
Microsoft Visual Studio Solution File, Format Version 11.00
# Visual Studio 2010
Project("{FAE04EC0-301F-11D3-BF4B-00C04F79EFBC}") = "ASP_TP8_Ex2", "ASP_TP8_Ex2\ASP_TP8_Ex2.csproj", "{C9E72EB6-F714-4865-86A6-71D1680AEA81}"
EndProject
Global
	GlobalSection(SolutionConfigurationPlatforms) = preSolution
		Debug|Any CPU = Debug|Any CPU
		Release|Any CPU = Release|Any CPU
	EndGlobalSection
	GlobalSection(ProjectConfigurationPlatforms) = postSolution
		{C9E72EB6-F714-4865-86A6-71D1680AEA81}.Debug|Any CPU.ActiveCfg = Debug|Any CPU
		{C9E72EB6-F714-4865-86A6-71D1680AEA81}.Debug|Any CPU.Build.0 = Debug|Any CPU
		{C9E72EB6-F714-4865-86A6-71D1680AEA81}.Release|Any CPU.ActiveCfg = Release|Any CPU
		{C9E72EB6-F714-4865-86A6-71D1680AEA81}.Release|Any CPU.Build.0 = Release|Any CPU
	EndGlobalSection
	GlobalSection(SolutionProperties) = preSolution
		HideSolutionNode = FALSE
	EndGlobalSection
EndGlobal
